
Microsoft Visual Studio Solution File, Format Version 12.00
# Visual Studio Version 16
VisualStudioVersion = 16.0.29110.143
MinimumVisualStudioVersion = 10.0.40219.1
Project("{FAE04EC0-301F-11D3-BF4B-00C04F79EFBC}") = "sourav", "sourav\sourav.csproj", "{3D48A1B6-D830-45B2-9877-EE08FEF8AE47}"
EndProject
Project("{FAE04EC0-301F-11D3-BF4B-00C04F79EFBC}") = "UnitTestProject2", "UnitTestProject2\UnitTestProject2.csproj", "{D7B979B7-54D0-47D7-BE9A-8BC62D77B4DA}"
EndProject
Project("{FAE04EC0-301F-11D3-BF4B-00C04F79EFBC}") = "UnitTestProject1", "UnitTestProject1\UnitTestProject1.csproj", "{D6A7813A-747C-4B26-82B8-51EF1829CC1E}"
EndProject
Global
	GlobalSection(SolutionConfigurationPlatforms) = preSolution
		Debug|Any CPU = Debug|Any CPU
		Release|Any CPU = Release|Any CPU
	EndGlobalSection
	GlobalSection(ProjectConfigurationPlatforms) = postSolution
		{3D48A1B6-D830-45B2-9877-EE08FEF8AE47}.Debug|Any CPU.ActiveCfg = Debug|Any CPU
		{3D48A1B6-D830-45B2-9877-EE08FEF8AE47}.Debug|Any CPU.Build.0 = Debug|Any CPU
		{3D48A1B6-D830-45B2-9877-EE08FEF8AE47}.Release|Any CPU.ActiveCfg = Release|Any CPU
		{3D48A1B6-D830-45B2-9877-EE08FEF8AE47}.Release|Any CPU.Build.0 = Release|Any CPU
		{D7B979B7-54D0-47D7-BE9A-8BC62D77B4DA}.Debug|Any CPU.ActiveCfg = Debug|Any CPU
		{D7B979B7-54D0-47D7-BE9A-8BC62D77B4DA}.Debug|Any CPU.Build.0 = Debug|Any CPU
		{D7B979B7-54D0-47D7-BE9A-8BC62D77B4DA}.Release|Any CPU.ActiveCfg = Release|Any CPU
		{D7B979B7-54D0-47D7-BE9A-8BC62D77B4DA}.Release|Any CPU.Build.0 = Release|Any CPU
		{D6A7813A-747C-4B26-82B8-51EF1829CC1E}.Debug|Any CPU.ActiveCfg = Debug|Any CPU
		{D6A7813A-747C-4B26-82B8-51EF1829CC1E}.Debug|Any CPU.Build.0 = Debug|Any CPU
		{D6A7813A-747C-4B26-82B8-51EF1829CC1E}.Release|Any CPU.ActiveCfg = Release|Any CPU
		{D6A7813A-747C-4B26-82B8-51EF1829CC1E}.Release|Any CPU.Build.0 = Release|Any CPU
	EndGlobalSection
	GlobalSection(SolutionProperties) = preSolution
		HideSolutionNode = FALSE
	EndGlobalSection
	GlobalSection(ExtensibilityGlobals) = postSolution
		SolutionGuid = {FAFA2AB5-32DB-4025-8597-90D784EF7B81}
	EndGlobalSection
EndGlobal
